
Microsoft Visual Studio Solution File, Format Version 11.00
# Visual Studio 2010
Project("{FAE04EC0-301F-11D3-BF4B-00C04F79EFBC}") = "fps.UI", "fps.UI.csproj", "{e30d51d0-59ab-c24b-64bb-b7a369667aa3}"
EndProject
Project("{FAE04EC0-301F-11D3-BF4B-00C04F79EFBC}") = "fps.AI", "fps.AI.csproj", "{b8fe3d9d-1144-d5f0-03f0-398e232f7446}"
EndProject
Project("{FAE04EC0-301F-11D3-BF4B-00C04F79EFBC}") = "fps.Game", "fps.Game.csproj", "{3bd0e38b-4b01-0b5c-68c4-c6ccff1b0c19}"
EndProject
Project("{FAE04EC0-301F-11D3-BF4B-00C04F79EFBC}") = "fps.Gameplay", "fps.Gameplay.csproj", "{404cc0c8-7059-6790-0860-fbcded3ce008}"
EndProject
Project("{FAE04EC0-301F-11D3-BF4B-00C04F79EFBC}") = "NavMeshComponents", "NavMeshComponents.csproj", "{1270d69b-d5f9-be59-81fe-354859609d1d}"
EndProject
Project("{FAE04EC0-301F-11D3-BF4B-00C04F79EFBC}") = "Unity.FPS.Tutorials", "Unity.FPS.Tutorials.csproj", "{fc1ce331-6a82-6607-0fa3-1193402a2862}"
EndProject
Project("{FAE04EC0-301F-11D3-BF4B-00C04F79EFBC}") = "Unity.Microgame.Tutorials", "Unity.Microgame.Tutorials.csproj", "{a1d9aba0-1ec5-e7f9-0783-1f2f956365ff}"
EndProject
Project("{FAE04EC0-301F-11D3-BF4B-00C04F79EFBC}") = "fps.Editor", "fps.Editor.csproj", "{47c62868-79e3-b2f8-69e5-3e5d0c460671}"
EndProject
Project("{FAE04EC0-301F-11D3-BF4B-00C04F79EFBC}") = "NavMeshComponentsEditor", "NavMeshComponentsEditor.csproj", "{48d56886-c30d-0d4b-5725-a9ce67c9967c}"
EndProject
Global
	GlobalSection(SolutionConfigurationPlatforms) = preSolution
		Debug|Any CPU = Debug|Any CPU
	EndGlobalSection
	GlobalSection(ProjectConfigurationPlatforms) = postSolution
		{e30d51d0-59ab-c24b-64bb-b7a369667aa3}.Debug|Any CPU.ActiveCfg = Debug|Any CPU
		{e30d51d0-59ab-c24b-64bb-b7a369667aa3}.Debug|Any CPU.Build.0 = Debug|Any CPU
		{b8fe3d9d-1144-d5f0-03f0-398e232f7446}.Debug|Any CPU.ActiveCfg = Debug|Any CPU
		{b8fe3d9d-1144-d5f0-03f0-398e232f7446}.Debug|Any CPU.Build.0 = Debug|Any CPU
		{3bd0e38b-4b01-0b5c-68c4-c6ccff1b0c19}.Debug|Any CPU.ActiveCfg = Debug|Any CPU
		{3bd0e38b-4b01-0b5c-68c4-c6ccff1b0c19}.Debug|Any CPU.Build.0 = Debug|Any CPU
		{404cc0c8-7059-6790-0860-fbcded3ce008}.Debug|Any CPU.ActiveCfg = Debug|Any CPU
		{404cc0c8-7059-6790-0860-fbcded3ce008}.Debug|Any CPU.Build.0 = Debug|Any CPU
		{1270d69b-d5f9-be59-81fe-354859609d1d}.Debug|Any CPU.ActiveCfg = Debug|Any CPU
		{1270d69b-d5f9-be59-81fe-354859609d1d}.Debug|Any CPU.Build.0 = Debug|Any CPU
		{fc1ce331-6a82-6607-0fa3-1193402a2862}.Debug|Any CPU.ActiveCfg = Debug|Any CPU
		{fc1ce331-6a82-6607-0fa3-1193402a2862}.Debug|Any CPU.Build.0 = Debug|Any CPU
		{a1d9aba0-1ec5-e7f9-0783-1f2f956365ff}.Debug|Any CPU.ActiveCfg = Debug|Any CPU
		{a1d9aba0-1ec5-e7f9-0783-1f2f956365ff}.Debug|Any CPU.Build.0 = Debug|Any CPU
		{47c62868-79e3-b2f8-69e5-3e5d0c460671}.Debug|Any CPU.ActiveCfg = Debug|Any CPU
		{47c62868-79e3-b2f8-69e5-3e5d0c460671}.Debug|Any CPU.Build.0 = Debug|Any CPU
		{48d56886-c30d-0d4b-5725-a9ce67c9967c}.Debug|Any CPU.ActiveCfg = Debug|Any CPU
		{48d56886-c30d-0d4b-5725-a9ce67c9967c}.Debug|Any CPU.Build.0 = Debug|Any CPU
	EndGlobalSection
	GlobalSection(SolutionProperties) = preSolution
		HideSolutionNode = FALSE
	EndGlobalSection
EndGlobal
